
Microsoft Visual Studio Solution File, Format Version 12.00
# Visual Studio 14
VisualStudioVersion = 14.0.25420.1
MinimumVisualStudioVersion = 10.0.40219.1
Project("{FAE04EC0-301F-11D3-BF4B-00C04F79EFBC}") = "TestBaudot", "TestBaudot\TestBaudot.csproj", "{809437AA-FFFF-4692-83CA-C403CAB96C3F}"
EndProject
Project("{FAE04EC0-301F-11D3-BF4B-00C04F79EFBC}") = "Baudot", "Baudot\Baudot.csproj", "{D252D068-C285-4C29-B01E-4BA70D2EE7EC}"
EndProject
Project("{FAE04EC0-301F-11D3-BF4B-00C04F79EFBC}") = "UnitTests", "UnitTests\UnitTests.csproj", "{E0561EDB-1E7E-4F18-8328-926C26963B10}"
EndProject
Project("{FAE04EC0-301F-11D3-BF4B-00C04F79EFBC}") = "nl.gn.BaudotPortable", "nl.gn.BaudotPortable\nl.gn.BaudotPortable.csproj", "{00B51BB2-0A8B-4E06-9228-CED93C976B77}"
EndProject
Global
	GlobalSection(SolutionConfigurationPlatforms) = preSolution
		Debug|Any CPU = Debug|Any CPU
		Release|Any CPU = Release|Any CPU
	EndGlobalSection
	GlobalSection(ProjectConfigurationPlatforms) = postSolution
		{809437AA-FFFF-4692-83CA-C403CAB96C3F}.Debug|Any CPU.ActiveCfg = Debug|Any CPU
		{809437AA-FFFF-4692-83CA-C403CAB96C3F}.Debug|Any CPU.Build.0 = Debug|Any CPU
		{809437AA-FFFF-4692-83CA-C403CAB96C3F}.Release|Any CPU.ActiveCfg = Release|Any CPU
		{809437AA-FFFF-4692-83CA-C403CAB96C3F}.Release|Any CPU.Build.0 = Release|Any CPU
		{D252D068-C285-4C29-B01E-4BA70D2EE7EC}.Debug|Any CPU.ActiveCfg = Debug|Any CPU
		{D252D068-C285-4C29-B01E-4BA70D2EE7EC}.Debug|Any CPU.Build.0 = Debug|Any CPU
		{D252D068-C285-4C29-B01E-4BA70D2EE7EC}.Release|Any CPU.ActiveCfg = Release|Any CPU
		{D252D068-C285-4C29-B01E-4BA70D2EE7EC}.Release|Any CPU.Build.0 = Release|Any CPU
		{E0561EDB-1E7E-4F18-8328-926C26963B10}.Debug|Any CPU.ActiveCfg = Debug|Any CPU
		{E0561EDB-1E7E-4F18-8328-926C26963B10}.Debug|Any CPU.Build.0 = Debug|Any CPU
		{E0561EDB-1E7E-4F18-8328-926C26963B10}.Release|Any CPU.ActiveCfg = Release|Any CPU
		{E0561EDB-1E7E-4F18-8328-926C26963B10}.Release|Any CPU.Build.0 = Release|Any CPU
		{00B51BB2-0A8B-4E06-9228-CED93C976B77}.Debug|Any CPU.ActiveCfg = Debug|Any CPU
		{00B51BB2-0A8B-4E06-9228-CED93C976B77}.Debug|Any CPU.Build.0 = Debug|Any CPU
		{00B51BB2-0A8B-4E06-9228-CED93C976B77}.Release|Any CPU.ActiveCfg = Release|Any CPU
		{00B51BB2-0A8B-4E06-9228-CED93C976B77}.Release|Any CPU.Build.0 = Release|Any CPU
	EndGlobalSection
	GlobalSection(SolutionProperties) = preSolution
		HideSolutionNode = FALSE
	EndGlobalSection
EndGlobal
